
Microsoft Visual Studio Solution File, Format Version 12.00
# Visual Studio Version 16
VisualStudioVersion = 16.0.34031.81
MinimumVisualStudioVersion = 10.0.40219.1
Project("{9A19103F-16F7-4668-BE54-9A1E7A4F7556}") = "ConsoleAppExercises", "ConsoleAppExercises\ConsoleAppExercises.csproj", "{8071E39A-44D1-4A3A-A337-5B8E58A8DEE0}"
EndProject
Project("{9A19103F-16F7-4668-BE54-9A1E7A4F7556}") = "JsonThreadOperation", "JsonThreadOperation\JsonThreadOperation.csproj", "{1CB7448E-055F-4B46-BE9B-4396C09125F8}"
EndProject
Project("{9A19103F-16F7-4668-BE54-9A1E7A4F7556}") = "DB threadOperation", "DB threadOperation\DB threadOperation.csproj", "{948608EF-2198-4E55-800B-7053BE1F7F02}"
EndProject
Global
	GlobalSection(SolutionConfigurationPlatforms) = preSolution
		Debug|Any CPU = Debug|Any CPU
		Release|Any CPU = Release|Any CPU
	EndGlobalSection
	GlobalSection(ProjectConfigurationPlatforms) = postSolution
		{8071E39A-44D1-4A3A-A337-5B8E58A8DEE0}.Debug|Any CPU.ActiveCfg = Debug|Any CPU
		{8071E39A-44D1-4A3A-A337-5B8E58A8DEE0}.Debug|Any CPU.Build.0 = Debug|Any CPU
		{8071E39A-44D1-4A3A-A337-5B8E58A8DEE0}.Release|Any CPU.ActiveCfg = Release|Any CPU
		{8071E39A-44D1-4A3A-A337-5B8E58A8DEE0}.Release|Any CPU.Build.0 = Release|Any CPU
		{1CB7448E-055F-4B46-BE9B-4396C09125F8}.Debug|Any CPU.ActiveCfg = Debug|Any CPU
		{1CB7448E-055F-4B46-BE9B-4396C09125F8}.Debug|Any CPU.Build.0 = Debug|Any CPU
		{1CB7448E-055F-4B46-BE9B-4396C09125F8}.Release|Any CPU.ActiveCfg = Release|Any CPU
		{1CB7448E-055F-4B46-BE9B-4396C09125F8}.Release|Any CPU.Build.0 = Release|Any CPU
		{948608EF-2198-4E55-800B-7053BE1F7F02}.Debug|Any CPU.ActiveCfg = Debug|Any CPU
		{948608EF-2198-4E55-800B-7053BE1F7F02}.Debug|Any CPU.Build.0 = Debug|Any CPU
		{948608EF-2198-4E55-800B-7053BE1F7F02}.Release|Any CPU.ActiveCfg = Release|Any CPU
		{948608EF-2198-4E55-800B-7053BE1F7F02}.Release|Any CPU.Build.0 = Release|Any CPU
	EndGlobalSection
	GlobalSection(SolutionProperties) = preSolution
		HideSolutionNode = FALSE
	EndGlobalSection
	GlobalSection(ExtensibilityGlobals) = postSolution
		SolutionGuid = {E85FE521-ADFB-46DA-8222-681B4D9434CB}
	EndGlobalSection
EndGlobal
